// !$*UTF8*$!
{
	archiveVersion = 1;
	classes = {
	};
	objectVersion = 46;
	objects = {

/* Begin PBXBuildFile section */
		03A0EDC51AA9F13300B3B808 /* AppDelegate.swift in Sources */ = {isa = PBXBuildFile; fileRef = 03A0EDC41AA9F13300B3B808 /* AppDelegate.swift */; };
		03A0EDCC1AA9F13300B3B808 /* Main.storyboard in Resources */ = {isa = PBXBuildFile; fileRef = 03A0EDCA1AA9F13300B3B808 /* Main.storyboard */; };
		03A0EDCE1AA9F13300B3B808 /* Images.xcassets in Resources */ = {isa = PBXBuildFile; fileRef = 03A0EDCD1AA9F13300B3B808 /* Images.xcassets */; };
		03A0EDD11AA9F13300B3B808 /* LaunchScreen.xib in Resources */ = {isa = PBXBuildFile; fileRef = 03A0EDCF1AA9F13300B3B808 /* LaunchScreen.xib */; };
		03A0EDDD1AA9F13300B3B808 /* Williams_MenusTests.swift in Sources */ = {isa = PBXBuildFile; fileRef = 03A0EDDC1AA9F13300B3B808 /* Williams_MenusTests.swift */; };
		03A0EDED1AA9F5E300B3B808 /* DHTableViewController.swift in Sources */ = {isa = PBXBuildFile; fileRef = 03A0EDEC1AA9F5E300B3B808 /* DHTableViewController.swift */; };
		03A0EDF11AAA283100B3B808 /* DataSource.swift in Sources */ = {isa = PBXBuildFile; fileRef = 03A0EDF01AAA283100B3B808 /* DataSource.swift */; };
		03A0EDF31AAA8B8C00B3B808 /* TabController.swift in Sources */ = {isa = PBXBuildFile; fileRef = 03A0EDF21AAA8B8C00B3B808 /* TabController.swift */; };
/* End PBXBuildFile section */

/* Begin PBXContainerItemProxy section */
		03A0EDD71AA9F13300B3B808 /* PBXContainerItemProxy */ = {
			isa = PBXContainerItemProxy;
			containerPortal = 03A0EDB71AA9F13300B3B808 /* Project object */;
			proxyType = 1;
			remoteGlobalIDString = 03A0EDBE1AA9F13300B3B808;
			remoteInfo = "Williams Menus";
		};
/* End PBXContainerItemProxy section */

/* Begin PBXFileReference section */
		03A0EDBF1AA9F13300B3B808 /* Williams Menus.app */ = {isa = PBXFileReference; explicitFileType = wrapper.application; includeInIndex = 0; path = "Williams Menus.app"; sourceTree = BUILT_PRODUCTS_DIR; };
		03A0EDC31AA9F13300B3B808 /* Info.plist */ = {isa = PBXFileReference; lastKnownFileType = text.plist.xml; path = Info.plist; sourceTree = "<group>"; };
		03A0EDC41AA9F13300B3B808 /* AppDelegate.swift */ = {isa = PBXFileReference; lastKnownFileType = sourcecode.swift; path = AppDelegate.swift; sourceTree = "<group>"; };
		03A0EDCB1AA9F13300B3B808 /* Base */ = {isa = PBXFileReference; lastKnownFileType = file.storyboard; name = Base; path = Base.lproj/Main.storyboard; sourceTree = "<group>"; };
		03A0EDCD1AA9F13300B3B808 /* Images.xcassets */ = {isa = PBXFileReference; lastKnownFileType = folder.assetcatalog; path = Images.xcassets; sourceTree = "<group>"; };
		03A0EDD01AA9F13300B3B808 /* Base */ = {isa = PBXFileReference; lastKnownFileType = file.xib; name = Base; path = Base.lproj/LaunchScreen.xib; sourceTree = "<group>"; };
		03A0EDD61AA9F13300B3B808 /* Williams MenusTests.xctest */ = {isa = PBXFileReference; explicitFileType = wrapper.cfbundle; includeInIndex = 0; path = "Williams MenusTests.xctest"; sourceTree = BUILT_PRODUCTS_DIR; };
		03A0EDDB1AA9F13300B3B808 /* Info.plist */ = {isa = PBXFileReference; lastKnownFileType = text.plist.xml; path = Info.plist; sourceTree = "<group>"; };
		03A0EDDC1AA9F13300B3B808 /* Williams_MenusTests.swift */ = {isa = PBXFileReference; lastKnownFileType = sourcecode.swift; path = Williams_MenusTests.swift; sourceTree = "<group>"; };
		03A0EDEC1AA9F5E300B3B808 /* DHTableViewController.swift */ = {isa = PBXFileReference; fileEncoding = 4; lastKnownFileType = sourcecode.swift; path = DHTableViewController.swift; sourceTree = "<group>"; };
		03A0EDF01AAA283100B3B808 /* DataSource.swift */ = {isa = PBXFileReference; fileEncoding = 4; lastKnownFileType = sourcecode.swift; path = DataSource.swift; sourceTree = "<group>"; };
		03A0EDF21AAA8B8C00B3B808 /* TabController.swift */ = {isa = PBXFileReference; fileEncoding = 4; lastKnownFileType = sourcecode.swift; path = TabController.swift; sourceTree = "<group>"; };
/* End PBXFileReference section */

/* Begin PBXFrameworksBuildPhase section */
		03A0EDBC1AA9F13300B3B808 /* Frameworks */ = {
			isa = PBXFrameworksBuildPhase;
			buildActionMask = 2147483647;
			files = (
			);
			runOnlyForDeploymentPostprocessing = 0;
		};
		03A0EDD31AA9F13300B3B808 /* Frameworks */ = {
			isa = PBXFrameworksBuildPhase;
			buildActionMask = 2147483647;
			files = (
			);
			runOnlyForDeploymentPostprocessing = 0;
		};
/* End PBXFrameworksBuildPhase section */

/* Begin PBXGroup section */
		03A0EDB61AA9F13300B3B808 = {
			isa = PBXGroup;
			children = (
				03A0EDC11AA9F13300B3B808 /* Williams Menus */,
				03A0EDD91AA9F13300B3B808 /* Williams MenusTests */,
				03A0EDC01AA9F13300B3B808 /* Products */,
			);
			sourceTree = "<group>";
		};
		03A0EDC01AA9F13300B3B808 /* Products */ = {
			isa = PBXGroup;
			children = (
				03A0EDBF1AA9F13300B3B808 /* Williams Menus.app */,
				03A0EDD61AA9F13300B3B808 /* Williams MenusTests.xctest */,
			);
			name = Products;
			sourceTree = "<group>";
		};
		03A0EDC11AA9F13300B3B808 /* Williams Menus */ = {
			isa = PBXGroup;
			children = (
				03A0EDC41AA9F13300B3B808 /* AppDelegate.swift */,
				03A0EDEC1AA9F5E300B3B808 /* DHTableViewController.swift */,
				03A0EDF01AAA283100B3B808 /* DataSource.swift */,
				03A0EDF21AAA8B8C00B3B808 /* TabController.swift */,
				03A0EDCA1AA9F13300B3B808 /* Main.storyboard */,
				03A0EDCD1AA9F13300B3B808 /* Images.xcassets */,
				03A0EDCF1AA9F13300B3B808 /* LaunchScreen.xib */,
				03A0EDC21AA9F13300B3B808 /* Supporting Files */,
			);
			path = "Williams Menus";
			sourceTree = "<group>";
		};
		03A0EDC21AA9F13300B3B808 /* Supporting Files */ = {
			isa = PBXGroup;
			children = (
				03A0EDC31AA9F13300B3B808 /* Info.plist */,
			);
			name = "Supporting Files";
			sourceTree = "<group>";
		};
		03A0EDD91AA9F13300B3B808 /* Williams MenusTests */ = {
			isa = PBXGroup;
			children = (
				03A0EDDC1AA9F13300B3B808 /* Williams_MenusTests.swift */,
				03A0EDDA1AA9F13300B3B808 /* Supporting Files */,
			);
			path = "Williams MenusTests";
			sourceTree = "<group>";
		};
		03A0EDDA1AA9F13300B3B808 /* Supporting Files */ = {
			isa = PBXGroup;
			children = (
				03A0EDDB1AA9F13300B3B808 /* Info.plist */,
			);
			name = "Supporting Files";
			sourceTree = "<group>";
		};
/* End PBXGroup section */

/* Begin PBXNativeTarget section */
		03A0EDBE1AA9F13300B3B808 /* Williams Menus */ = {
			isa = PBXNativeTarget;
			buildConfigurationList = 03A0EDE01AA9F13300B3B808 /* Build configuration list for PBXNativeTarget "Williams Menus" */;
			buildPhases = (
				03A0EDBB1AA9F13300B3B808 /* Sources */,
				03A0EDBC1AA9F13300B3B808 /* Frameworks */,
				03A0EDBD1AA9F13300B3B808 /* Resources */,
			);
			buildRules = (
			);
			dependencies = (
			);
			name = "Williams Menus";
			productName = "Williams Menus";
			productReference = 03A0EDBF1AA9F13300B3B808 /* Williams Menus.app */;
			productType = "com.apple.product-type.application";
		};
		03A0EDD51AA9F13300B3B808 /* Williams MenusTests */ = {
			isa = PBXNativeTarget;
			buildConfigurationList = 03A0EDE31AA9F13300B3B808 /* Build configuration list for PBXNativeTarget "Williams MenusTests" */;
			buildPhases = (
				03A0EDD21AA9F13300B3B808 /* Sources */,
				03A0EDD31AA9F13300B3B808 /* Frameworks */,
				03A0EDD41AA9F13300B3B808 /* Resources */,
			);
			buildRules = (
			);
			dependencies = (
				03A0EDD81AA9F13300B3B808 /* PBXTargetDependency */,
			);
			name = "Williams MenusTests";
			productName = "Williams MenusTests";
			productReference = 03A0EDD61AA9F13300B3B808 /* Williams MenusTests.xctest */;
			productType = "com.apple.product-type.bundle.unit-test";
		};
/* End PBXNativeTarget section */

/* Begin PBXProject section */
		03A0EDB71AA9F13300B3B808 /* Project object */ = {
			isa = PBXProject;
			attributes = {
				LastUpgradeCheck = 0610;
				ORGANIZATIONNAME = "Erik Kessler";
				TargetAttributes = {
					03A0EDBE1AA9F13300B3B808 = {
						CreatedOnToolsVersion = 6.1.1;
						DevelopmentTeam = 938C6H6ZS8;
					};
					03A0EDD51AA9F13300B3B808 = {
						CreatedOnToolsVersion = 6.1.1;
						TestTargetID = 03A0EDBE1AA9F13300B3B808;
					};
				};
			};
			buildConfigurationList = 03A0EDBA1AA9F13300B3B808 /* Build configuration list for PBXProject "Williams Menus" */;
			compatibilityVersion = "Xcode 3.2";
			developmentRegion = English;
			hasScannedForEncodings = 0;
			knownRegions = (
				en,
				Base,
			);
			mainGroup = 03A0EDB61AA9F13300B3B808;
			productRefGroup = 03A0EDC01AA9F13300B3B808 /* Products */;
			projectDirPath = "";
			projectRoot = "";
			targets = (
				03A0EDBE1AA9F13300B3B808 /* Williams Menus */,
				03A0EDD51AA9F13300B3B808 /* Williams MenusTests */,
			);
		};
/* End PBXProject section */

/* Begin PBXResourcesBuildPhase section */
		03A0EDBD1AA9F13300B3B808 /* Resources */ = {
			isa = PBXResourcesBuildPhase;
			buildActionMask = 2147483647;
			files = (
				03A0EDCC1AA9F13300B3B808 /* Main.storyboard in Resources */,
				03A0EDD11AA9F13300B3B808 /* LaunchScreen.xib in Resources */,
				03A0EDCE1AA9F13300B3B808 /* Images.xcassets in Resources */,
			);
			runOnlyForDeploymentPostprocessing = 0;
		};
		03A0EDD41AA9F13300B3B808 /* Resources */ = {
			isa = PBXResourcesBuildPhase;
			buildActionMask = 2147483647;
			files = (
			);
			runOnlyForDeploymentPostprocessing = 0;
		};
/* End PBXResourcesBuildPhase section */

/* Begin PBXSourcesBuildPhase section */
		03A0EDBB1AA9F13300B3B808 /* Sources */ = {
			isa = PBXSourcesBuildPhase;
			buildActionMask = 2147483647;
			files = (
				03A0EDF11AAA283100B3B808 /* DataSource.swift in Sources */,
				03A0EDED1AA9F5E300B3B808 /* DHTableViewController.swift in Sources */,
				03A0EDC51AA9F13300B3B808 /* AppDelegate.swift in Sources */,
				03A0EDF31AAA8B8C00B3B808 /* TabController.swift in Sources */,
			);
			runOnlyForDeploymentPostprocessing = 0;
		};
		03A0EDD21AA9F13300B3B808 /* Sources */ = {
			isa = PBXSourcesBuildPhase;
			buildActionMask = 2147483647;
			files = (
				03A0EDDD1AA9F13300B3B808 /* Williams_MenusTests.swift in Sources */,
			);
			runOnlyForDeploymentPostprocessing = 0;
		};
/* End PBXSourcesBuildPhase section */

/* Begin PBXTargetDependency section */
		03A0EDD81AA9F13300B3B808 /* PBXTargetDependency */ = {
			isa = PBXTargetDependency;
			target = 03A0EDBE1AA9F13300B3B808 /* Williams Menus */;
			targetProxy = 03A0EDD71AA9F13300B3B808 /* PBXContainerItemProxy */;
		};
/* End PBXTargetDependency section */

/* Begin PBXVariantGroup section */
		03A0EDCA1AA9F13300B3B808 /* Main.storyboard */ = {
			isa = PBXVariantGroup;
			children = (
				03A0EDCB1AA9F13300B3B808 /* Base */,
			);
			name = Main.storyboard;
			sourceTree = "<group>";
		};
		03A0EDCF1AA9F13300B3B808 /* LaunchScreen.xib */ = {
			isa = PBXVariantGroup;
			children = (
				03A0EDD01AA9F13300B3B808 /* Base */,
			);
			name = LaunchScreen.xib;
			sourceTree = "<group>";
		};
/* End PBXVariantGroup section */

/* Begin XCBuildConfiguration section */
		03A0EDDE1AA9F13300B3B808 /* Debug */ = {
			isa = XCBuildConfiguration;
			buildSettings = {
				ALWAYS_SEARCH_USER_PATHS = NO;
				CLANG_CXX_LANGUAGE_STANDARD = "gnu++0x";
				CLANG_CXX_LIBRARY = "libc++";
				CLANG_ENABLE_MODULES = YES;
				CLANG_ENABLE_OBJC_ARC = YES;
				CLANG_WARN_BOOL_CONVERSION = YES;
				CLANG_WARN_CONSTANT_CONVERSION = YES;
				CLANG_WARN_DIRECT_OBJC_ISA_USAGE = YES_ERROR;
				CLANG_WARN_EMPTY_BODY = YES;
				CLANG_WARN_ENUM_CONVERSION = YES;
				CLANG_WARN_INT_CONVERSION = YES;
				CLANG_WARN_OBJC_ROOT_CLASS = YES_ERROR;
				CLANG_WARN_UNREACHABLE_CODE = YES;
				CLANG_WARN__DUPLICATE_METHOD_MATCH = YES;
				"CODE_SIGN_IDENTITY[sdk=iphoneos*]" = "iPhone Developer";
				COPY_PHASE_STRIP = NO;
				ENABLE_STRICT_OBJC_MSGSEND = YES;
				GCC_C_LANGUAGE_STANDARD = gnu99;
				GCC_DYNAMIC_NO_PIC = NO;
				GCC_OPTIMIZATION_LEVEL = 0;
				GCC_PREPROCESSOR_DEFINITIONS = (
					"DEBUG=1",
					"$(inherited)",
				);
				GCC_SYMBOLS_PRIVATE_EXTERN = NO;
				GCC_WARN_64_TO_32_BIT_CONVERSION = YES;
				GCC_WARN_ABOUT_RETURN_TYPE = YES_ERROR;
				GCC_WARN_UNDECLARED_SELECTOR = YES;
				GCC_WARN_UNINITIALIZED_AUTOS = YES_AGGRESSIVE;
				GCC_WARN_UNUSED_FUNCTION = YES;
				GCC_WARN_UNUSED_VARIABLE = YES;
				IPHONEOS_DEPLOYMENT_TARGET = 8.1;
				MTL_ENABLE_DEBUG_INFO = YES;
				ONLY_ACTIVE_ARCH = YES;
				SDKROOT = iphoneos;
				SWIFT_OPTIMIZATION_LEVEL = "-Onone";
				TARGETED_DEVICE_FAMILY = "1,2";
			};
			name = Debug;
		};
		03A0EDDF1AA9F13300B3B808 /* Release */ = {
			isa = XCBuildConfiguration;
			buildSettings = {
				ALWAYS_SEARCH_USER_PATHS = NO;
				CLANG_CXX_LANGUAGE_STANDARD = "gnu++0x";
				CLANG_CXX_LIBRARY = "libc++";
				CLANG_ENABLE_MODULES = YES;
				CLANG_ENABLE_OBJC_ARC = YES;
				CLANG_WARN_BOOL_CONVERSION = YES;
				CLANG_WARN_CONSTANT_CONVERSION = YES;
				CLANG_WARN_DIRECT_OBJC_ISA_USAGE = YES_ERROR;
				CLANG_WARN_EMPTY_BODY = YES;
				CLANG_WARN_ENUM_CONVERSION = YES;
				CLANG_WARN_INT_CONVERSION = YES;
				CLANG_WARN_OBJC_ROOT_CLASS = YES_ERROR;
				CLANG_WARN_UNREACHABLE_CODE = YES;
				CLANG_WARN__DUPLICATE_METHOD_MATCH = YES;
				"CODE_SIGN_IDENTITY[sdk=iphoneos*]" = "iPhone Developer";
				COPY_PHASE_STRIP = YES;
				ENABLE_NS_ASSERTIONS = NO;
				ENABLE_STRICT_OBJC_MSGSEND = YES;
				GCC_C_LANGUAGE_STANDARD = gnu99;
				GCC_WARN_64_TO_32_BIT_CONVERSION = YES;
				GCC_WARN_ABOUT_RETURN_TYPE = YES_ERROR;
				GCC_WARN_UNDECLARED_SELECTOR = YES;
				GCC_WARN_UNINITIALIZED_AUTOS = YES_AGGRESSIVE;
				GCC_WARN_UNUSED_FUNCTION = YES;
				GCC_WARN_UNUSED_VARIABLE = YES;
				IPHONEOS_DEPLOYMENT_TARGET = 8.1;
				MTL_ENABLE_DEBUG_INFO = NO;
				SDKROOT = iphoneos;
				TARGETED_DEVICE_FAMILY = "1,2";
				VALIDATE_PRODUCT = YES;
			};
			name = Release;
		};
		03A0EDE11AA9F13300B3B808 /* Debug */ = {
			isa = XCBuildConfiguration;
			buildSettings = {
				ASSETCATALOG_COMPILER_APPICON_NAME = AppIcon3;
				CODE_SIGN_IDENTITY = "iPhone Developer";
				"CODE_SIGN_IDENTITY[sdk=iphoneos*]" = "iPhone Developer";
				INFOPLIST_FILE = "Williams Menus/Info.plist";
				LD_RUNPATH_SEARCH_PATHS = "$(inherited) @executable_path/Frameworks";
				PRODUCT_NAME = "$(TARGET_NAME)";
				PROVISIONING_PROFILE = "";
			};
			name = Debug;
		};
		03A0EDE21AA9F13300B3B808 /* Release */ = {
			isa = XCBuildConfiguration;
			buildSettings = {
				ASSETCATALOG_COMPILER_APPICON_NAME = AppIcon3;
				CODE_SIGN_IDENTITY = "iPhone Developer";
				"CODE_SIGN_IDENTITY[sdk=iphoneos*]" = "iPhone Developer";
				INFOPLIST_FILE = "Williams Menus/Info.plist";
				LD_RUNPATH_SEARCH_PATHS = "$(inherited) @executable_path/Frameworks";
				PRODUCT_NAME = "$(TARGET_NAME)";
				PROVISIONING_PROFILE = "";
			};
			name = Release;
		};
		03A0EDE41AA9F13300B3B808 /* Debug */ = {
			isa = XCBuildConfiguration;
			buildSettings = {
				BUNDLE_LOADER = "$(TEST_HOST)";
				FRAMEWORK_SEARCH_PATHS = (
					"$(SDKROOT)/Developer/Library/Frameworks",
					"$(inherited)",
				);
				GCC_PREPROCESSOR_DEFINITIONS = (
					"DEBUG=1",
					"$(inherited)",
				);
				INFOPLIST_FILE = "Williams MenusTests/Info.plist";
				LD_RUNPATH_SEARCH_PATHS = "$(inherited) @executable_path/Frameworks @loader_path/Frameworks";
				PRODUCT_NAME = "$(TARGET_NAME)";
				TEST_HOST = "$(BUILT_PRODUCTS_DIR)/Williams Menus.app/Williams Menus";
			};
			name = Debug;
		};
		03A0EDE51AA9F13300B3B808 /* Release */ = {
			isa = XCBuildConfiguration;
			buildSettings = {
				BUNDLE_LOADER = "$(TEST_HOST)";
				FRAMEWORK_SEARCH_PATHS = (
					"$(SDKROOT)/Developer/Library/Frameworks",
					"$(inherited)",
				);
				INFOPLIST_FILE = "Williams MenusTests/Info.plist";
				LD_RUNPATH_SEARCH_PATHS = "$(inherited) @executable_path/Frameworks @loader_path/Frameworks";
				PRODUCT_NAME = "$(TARGET_NAME)";
				TEST_HOST = "$(BUILT_PRODUCTS_DIR)/Williams Menus.app/Williams Menus";
			};
			name = Release;
		};
/* End XCBuildConfiguration section */

/* Begin XCConfigurationList section */
		03A0EDBA1AA9F13300B3B808 /* Build configuration list for PBXProject "Williams Menus" */ = {
			isa = XCConfigurationList;
			buildConfigurations = (
				03A0EDDE1AA9F13300B3B808 /* Debug */,
				03A0EDDF1AA9F13300B3B808 /* Release */,
			);
			defaultConfigurationIsVisible = 0;
			defaultConfigurationName = Release;
		};
		03A0EDE01AA9F13300B3B808 /* Build configuration list for PBXNativeTarget "Williams Menus" */ = {
			isa = XCConfigurationList;
			buildConfigurations = (
				03A0EDE11AA9F13300B3B808 /* Debug */,
				03A0EDE21AA9F13300B3B808 /* Release */,
			);
			defaultConfigurationIsVisible = 0;
			defaultConfigurationName = Release;
		};
		03A0EDE31AA9F13300B3B808 /* Build configuration list for PBXNativeTarget "Williams MenusTests" */ = {
			isa = XCConfigurationList;
			buildConfigurations = (
				03A0EDE41AA9F13300B3B808 /* Debug */,
				03A0EDE51AA9F13300B3B808 /* Release */,
			);
			defaultConfigurationIsVisible = 0;
			defaultConfigurationName = Release;
		};
/* End XCConfigurationList section */
	};
	rootObject = 03A0EDB71AA9F13300B3B808 /* Project object */;
}
